
Microsoft Visual Studio Solution File, Format Version 12.00
# Visual Studio 15
VisualStudioVersion = 15.0.28307.902
MinimumVisualStudioVersion = 10.0.40219.1
Project("{888888A0-9F3D-457C-B088-3A5042F75D52}") = "2019.12.9", "2019.12.9\2019.12.9.pyproj", "{C546EDEA-ACCD-49BA-9728-178A403B3D7C}"
EndProject
Global
	GlobalSection(SolutionConfigurationPlatforms) = preSolution
		Debug|Any CPU = Debug|Any CPU
		Release|Any CPU = Release|Any CPU
	EndGlobalSection
	GlobalSection(ProjectConfigurationPlatforms) = postSolution
		{C546EDEA-ACCD-49BA-9728-178A403B3D7C}.Debug|Any CPU.ActiveCfg = Debug|Any CPU
		{C546EDEA-ACCD-49BA-9728-178A403B3D7C}.Release|Any CPU.ActiveCfg = Release|Any CPU
	EndGlobalSection
	GlobalSection(SolutionProperties) = preSolution
		HideSolutionNode = FALSE
	EndGlobalSection
	GlobalSection(ExtensibilityGlobals) = postSolution
		SolutionGuid = {D0CED9EB-0330-4211-AD7B-2DC3ACF5CF00}
	EndGlobalSection
EndGlobal
